
Microsoft Visual Studio Solution File, Format Version 12.00
# Visual Studio Version 16
VisualStudioVersion = 16.0.30804.86
MinimumVisualStudioVersion = 10.0.40219.1
Project("{FAE04EC0-301F-11D3-BF4B-00C04F79EFBC}") = "BillsManagement.Core", "BillsManagement.Core\BillsManagement.Core.csproj", "{06BA0B9F-2860-46B2-B7A5-22B33FEDF296}"
EndProject
Project("{FAE04EC0-301F-11D3-BF4B-00C04F79EFBC}") = "BillsManagement.DAL", "BillsManagement.DAL\BillsManagement.DAL.csproj", "{64677613-9D40-4D42-A44F-34535D407660}"
EndProject
Global
	GlobalSection(SolutionConfigurationPlatforms) = preSolution
		Debug|Any CPU = Debug|Any CPU
		Release|Any CPU = Release|Any CPU
	EndGlobalSection
	GlobalSection(ProjectConfigurationPlatforms) = postSolution
		{06BA0B9F-2860-46B2-B7A5-22B33FEDF296}.Debug|Any CPU.ActiveCfg = Debug|Any CPU
		{06BA0B9F-2860-46B2-B7A5-22B33FEDF296}.Debug|Any CPU.Build.0 = Debug|Any CPU
		{06BA0B9F-2860-46B2-B7A5-22B33FEDF296}.Release|Any CPU.ActiveCfg = Release|Any CPU
		{06BA0B9F-2860-46B2-B7A5-22B33FEDF296}.Release|Any CPU.Build.0 = Release|Any CPU
		{64677613-9D40-4D42-A44F-34535D407660}.Debug|Any CPU.ActiveCfg = Debug|Any CPU
		{64677613-9D40-4D42-A44F-34535D407660}.Debug|Any CPU.Build.0 = Debug|Any CPU
		{64677613-9D40-4D42-A44F-34535D407660}.Release|Any CPU.ActiveCfg = Release|Any CPU
		{64677613-9D40-4D42-A44F-34535D407660}.Release|Any CPU.Build.0 = Release|Any CPU
	EndGlobalSection
	GlobalSection(SolutionProperties) = preSolution
		HideSolutionNode = FALSE
	EndGlobalSection
	GlobalSection(ExtensibilityGlobals) = postSolution
		SolutionGuid = {58F1FD18-F677-4EAA-A597-6C517CB5DB6F}
	EndGlobalSection
EndGlobal
